
Microsoft Visual Studio Solution File, Format Version 12.00
# Visual Studio Version 17
VisualStudioVersion = 17.5.33516.290
MinimumVisualStudioVersion = 10.0.40219.1
Project("{FAE04EC0-301F-11D3-BF4B-00C04F79EFBC}") = "Car Rental API", "Car Rental API\Car Rental API.csproj", "{C95ED9F1-FAD2-4784-856B-3BACA527D7B7}"
EndProject
Project("{FAE04EC0-301F-11D3-BF4B-00C04F79EFBC}") = "Business Layer", "Business Layer\Business Layer.csproj", "{3B4AE28C-433E-4C51-AD18-A975658CAECA}"
EndProject
Project("{FAE04EC0-301F-11D3-BF4B-00C04F79EFBC}") = "Data Layer", "Data Layer\Data Layer.csproj", "{05F44952-B50A-4190-A86A-ADC9A680471C}"
	ProjectSection(ProjectDependencies) = postProject
		{7248760A-2314-45CF-B958-5C1C76B3F307} = {7248760A-2314-45CF-B958-5C1C76B3F307}
	EndProjectSection
EndProject
Project("{FAE04EC0-301F-11D3-BF4B-00C04F79EFBC}") = "Shared", "Shared\Shared.csproj", "{7248760A-2314-45CF-B958-5C1C76B3F307}"
EndProject
Global
	GlobalSection(SolutionConfigurationPlatforms) = preSolution
		Debug|Any CPU = Debug|Any CPU
		Release|Any CPU = Release|Any CPU
	EndGlobalSection
	GlobalSection(ProjectConfigurationPlatforms) = postSolution
		{C95ED9F1-FAD2-4784-856B-3BACA527D7B7}.Debug|Any CPU.ActiveCfg = Debug|Any CPU
		{C95ED9F1-FAD2-4784-856B-3BACA527D7B7}.Debug|Any CPU.Build.0 = Debug|Any CPU
		{C95ED9F1-FAD2-4784-856B-3BACA527D7B7}.Release|Any CPU.ActiveCfg = Release|Any CPU
		{C95ED9F1-FAD2-4784-856B-3BACA527D7B7}.Release|Any CPU.Build.0 = Release|Any CPU
		{3B4AE28C-433E-4C51-AD18-A975658CAECA}.Debug|Any CPU.ActiveCfg = Debug|Any CPU
		{3B4AE28C-433E-4C51-AD18-A975658CAECA}.Debug|Any CPU.Build.0 = Debug|Any CPU
		{3B4AE28C-433E-4C51-AD18-A975658CAECA}.Release|Any CPU.ActiveCfg = Release|Any CPU
		{3B4AE28C-433E-4C51-AD18-A975658CAECA}.Release|Any CPU.Build.0 = Release|Any CPU
		{05F44952-B50A-4190-A86A-ADC9A680471C}.Debug|Any CPU.ActiveCfg = Debug|Any CPU
		{05F44952-B50A-4190-A86A-ADC9A680471C}.Debug|Any CPU.Build.0 = Debug|Any CPU
		{05F44952-B50A-4190-A86A-ADC9A680471C}.Release|Any CPU.ActiveCfg = Release|Any CPU
		{05F44952-B50A-4190-A86A-ADC9A680471C}.Release|Any CPU.Build.0 = Release|Any CPU
		{7248760A-2314-45CF-B958-5C1C76B3F307}.Debug|Any CPU.ActiveCfg = Debug|Any CPU
		{7248760A-2314-45CF-B958-5C1C76B3F307}.Debug|Any CPU.Build.0 = Debug|Any CPU
		{7248760A-2314-45CF-B958-5C1C76B3F307}.Release|Any CPU.ActiveCfg = Release|Any CPU
		{7248760A-2314-45CF-B958-5C1C76B3F307}.Release|Any CPU.Build.0 = Release|Any CPU
	EndGlobalSection
	GlobalSection(SolutionProperties) = preSolution
		HideSolutionNode = FALSE
	EndGlobalSection
	GlobalSection(ExtensibilityGlobals) = postSolution
		SolutionGuid = {C36FEACA-AE66-4C9F-ACD2-A61BD9E582AC}
	EndGlobalSection
EndGlobal
